FORGE
  remote: http://forge.puppetlabs.com
  specs:
    puppetlabs/apt (0.0.4)
      puppetlabs/stdlib (>= 2.2.1)
    puppetlabs/mongodb (0.0.2)
      puppetlabs/apt (>= 0.0.2)
    puppetlabs/nodejs (0.2.0)
      puppetlabs/apt (>= 0.0.3)
      puppetlabs/stdlib (>= 2.0.0)
    puppetlabs/razor (0.1.4)
      puppetlabs/mongodb (>= 0.0.1)
      puppetlabs/nodejs (>= 0.1.1)
      puppetlabs/stdlib (>= 2.0.0)
      puppetlabs/tftp (>= 0.1.1)
      puppetlabs/vcsrepo (>= 0.0.4)
      saz/sudo (>= 2.0.0)
    puppetlabs/stdlib (2.3.3)
    puppetlabs/tftp (0.1.1)
    puppetlabs/vcsrepo (0.0.4)
    saz/sudo (2.0.2)

GIT
  remote: https://github.com/puppetlabs/puppetlabs-concat.git
  ref: master
  sha: 031bf261289dcbb32e63b053ed5b3a82117698c0
  specs:
    concat (0.0.1)

GIT
  remote: https://github.com/puppetlabs/puppetlabs-dhcp.git
  ref: master
  sha: 97022741dd2930f0c0d1c8b08f8dd68ec4fce381
  specs:
    dhcp (0.0.1)

DEPENDENCIES
  concat (>= 0)
  dhcp (>= 0)
  puppetlabs/razor (>= 0)

